
Microsoft Visual Studio Solution File, Format Version 12.00
# Visual Studio Version 17
VisualStudioVersion = 17.14.36408.4 d17.14
MinimumVisualStudioVersion = 10.0.40219.1
Project("{FAE04EC0-301F-11D3-BF4B-00C04F79EFBC}") = "QLTN", "QLTN\QLTN.csproj", "{B2F8847A-16DD-450E-BA23-26B52A6AE71D}"
EndProject
Global
	GlobalSection(SolutionConfigurationPlatforms) = preSolution
		Debug|Any CPU = Debug|Any CPU
		Release|Any CPU = Release|Any CPU
	EndGlobalSection
	GlobalSection(ProjectConfigurationPlatforms) = postSolution
		{B2F8847A-16DD-450E-BA23-26B52A6AE71D}.Debug|Any CPU.ActiveCfg = Debug|Any CPU
		{B2F8847A-16DD-450E-BA23-26B52A6AE71D}.Debug|Any CPU.Build.0 = Debug|Any CPU
		{B2F8847A-16DD-450E-BA23-26B52A6AE71D}.Release|Any CPU.ActiveCfg = Release|Any CPU
		{B2F8847A-16DD-450E-BA23-26B52A6AE71D}.Release|Any CPU.Build.0 = Release|Any CPU
	EndGlobalSection
	GlobalSection(SolutionProperties) = preSolution
		HideSolutionNode = FALSE
	EndGlobalSection
	GlobalSection(ExtensibilityGlobals) = postSolution
		SolutionGuid = {A77C842C-C333-48E0-A8FE-738EFB2DEADA}
	EndGlobalSection
EndGlobal
